
Microsoft Visual Studio Solution File, Format Version 12.00
# Visual Studio Version 17
VisualStudioVersion = 17.9.34723.18
MinimumVisualStudioVersion = 10.0.40219.1
Project("{9A19103F-16F7-4668-BE54-9A1E7A4F7556}") = "BackendAssignment", "BackendAssignment\BackendAssignment.csproj", "{4BCD0383-14A2-4874-9EC7-57C967A39A4A}"
EndProject
Project("{FAE04EC0-301F-11D3-BF4B-00C04F79EFBC}") = "ApiService.Tests", "ApiService.Tests\ApiService.Tests.csproj", "{C7362DE5-D667-408A-B03E-9EEE7503A40C}"
EndProject
Global
	GlobalSection(SolutionConfigurationPlatforms) = preSolution
		Debug|Any CPU = Debug|Any CPU
		Release|Any CPU = Release|Any CPU
	EndGlobalSection
	GlobalSection(ProjectConfigurationPlatforms) = postSolution
		{4BCD0383-14A2-4874-9EC7-57C967A39A4A}.Debug|Any CPU.ActiveCfg = Debug|Any CPU
		{4BCD0383-14A2-4874-9EC7-57C967A39A4A}.Debug|Any CPU.Build.0 = Debug|Any CPU
		{4BCD0383-14A2-4874-9EC7-57C967A39A4A}.Release|Any CPU.ActiveCfg = Release|Any CPU
		{4BCD0383-14A2-4874-9EC7-57C967A39A4A}.Release|Any CPU.Build.0 = Release|Any CPU
		{C7362DE5-D667-408A-B03E-9EEE7503A40C}.Debug|Any CPU.ActiveCfg = Debug|Any CPU
		{C7362DE5-D667-408A-B03E-9EEE7503A40C}.Debug|Any CPU.Build.0 = Debug|Any CPU
		{C7362DE5-D667-408A-B03E-9EEE7503A40C}.Release|Any CPU.ActiveCfg = Release|Any CPU
		{C7362DE5-D667-408A-B03E-9EEE7503A40C}.Release|Any CPU.Build.0 = Release|Any CPU
	EndGlobalSection
	GlobalSection(SolutionProperties) = preSolution
		HideSolutionNode = FALSE
	EndGlobalSection
	GlobalSection(ExtensibilityGlobals) = postSolution
		SolutionGuid = {6F629909-4772-45EB-A4CA-38E0743D2584}
	EndGlobalSection
EndGlobal
